// !$*UTF8*$!
{
	archiveVersion = 1;
	classes = {
	};
	objectVersion = 54;
	objects = {

/* Begin PBXBuildFile section */
		00E356F31AD99517003FC87E /* coffeeShopTests.m in Sources */ = {isa = PBXBuildFile; fileRef = 00E356F21AD99517003FC87E /* coffeeShopTests.m */; };
		0C80B921A6F3F58F76C31292 /* libPods-coffeeShop.a in Frameworks */ = {isa = PBXBuildFile; fileRef = 5DCACB8F33CDC322A6C60F78 /* libPods-coffeeShop.a */; };
		13B07FBC1A68108700A75B9A /* AppDelegate.mm in Sources */ = {isa = PBXBuildFile; fileRef = 13B07FB01A68108700A75B9A /* AppDelegate.mm */; };
		13B07FBF1A68108700A75B9A /* Images.xcassets in Resources */ = {isa = PBXBuildFile; fileRef = 13B07FB51A68108700A75B9A /* Images.xcassets */; };
		13B07FC11A68108700A75B9A /* main.m in Sources */ = {isa = PBXBuildFile; fileRef = 13B07FB71A68108700A75B9A /* main.m */; };
		7699B88040F8A987B510C191 /* libPods-coffeeShop-coffeeShopTests.a in Frameworks */ = {isa = PBXBuildFile; fileRef = 19F6CBCC0A4E27FBF8BF4A61 /* libPods-coffeeShop-coffeeShopTests.a */; };
		81AB9BB82411601600AC10FF /* LaunchScreen.storyboard in Resources */ = {isa = PBXBuildFile; fileRef = 81AB9BB72411601600AC10FF /* LaunchScreen.storyboard */; };
		FAD2269638E44D1086A5E67E /* Poppins-Black.ttf in Resources */ = {isa = PBXBuildFile; fileRef = 08B2A67EB2104587971711E4 /* Poppins-Black.ttf */; };
		D5BA175F00904F55AB43B297 /* Poppins-Bold.ttf in Resources */ = {isa = PBXBuildFile; fileRef = 7DBA9AE4970C4036899E7F4E /* Poppins-Bold.ttf */; };
		3E70B2C32C2B4C2983AEAADF /* Poppins-ExtraBold.ttf in Resources */ = {isa = PBXBuildFile; fileRef = 584F03249CB14BAC8AE41604 /* Poppins-ExtraBold.ttf */; };
		23ED3358163944AFA73E687B /* Poppins-ExtraLight.ttf in Resources */ = {isa = PBXBuildFile; fileRef = BF0A34ADD7074C0490A43C47 /* Poppins-ExtraLight.ttf */; };
		19335ED417504727B46B216F /* Poppins-Light.ttf in Resources */ = {isa = PBXBuildFile; fileRef = 665D30CADD9C496BADA6A92F /* Poppins-Light.ttf */; };
		DFC897F12C1C4A389ECE5BC1 /* Poppins-Medium.ttf in Resources */ = {isa = PBXBuildFile; fileRef = 97D1E71E683A4FE09192AAB4 /* Poppins-Medium.ttf */; };
		3EFDEB9BA8DB46009DCB1776 /* Poppins-Regular.ttf in Resources */ = {isa = PBXBuildFile; fileRef = 15D5BA9F1EFF4F11B3540EB4 /* Poppins-Regular.ttf */; };
		71098F00124C4F0FBE51ED43 /* Poppins-SemiBold.ttf in Resources */ = {isa = PBXBuildFile; fileRef = E34617C340BC4047BC7954C8 /* Poppins-SemiBold.ttf */; };
		211E4E7536C14C78833D1562 /* Poppins-Thin.ttf in Resources */ = {isa = PBXBuildFile; fileRef = 010DE602324940F4A9DB63B5 /* Poppins-Thin.ttf */; };
		A597423A020C4650B5C27040 /* app_icons.ttf in Resources */ = {isa = PBXBuildFile; fileRef = EB527AC7564449FC9B132E03 /* app_icons.ttf */; };
		5DB052E0A1D74C60BE83DEAF /* amazonpay.png in Resources */ = {isa = PBXBuildFile; fileRef = E15979DC5188482A9D0FC158 /* amazonpay.png */; };
		037C9B7B76FB442DB8D44402 /* applepay.png in Resources */ = {isa = PBXBuildFile; fileRef = 3C7CB42EE36F423FADA03946 /* applepay.png */; };
		82B23009706A4B33A813ADEE /* avatar.png in Resources */ = {isa = PBXBuildFile; fileRef = 63B5D656F4F54FBF9ED18911 /* avatar.png */; };
		7DBCE473740F4DFC94577928 /* gpay.png in Resources */ = {isa = PBXBuildFile; fileRef = 041A89F80C0845FB8173622C /* gpay.png */; };
		324D21978E55413B9DACF7A6 /* americano_pic_1_portrait.png in Resources */ = {isa = PBXBuildFile; fileRef = 6ABBEA19269448639AA25408 /* americano_pic_1_portrait.png */; };
		B71685511E8347AF9FFDE706 /* americano_pic_2_portrait.png in Resources */ = {isa = PBXBuildFile; fileRef = D35B716BDECA469AB03900C5 /* americano_pic_2_portrait.png */; };
		36E6A33A53D745AABC070274 /* americano_pic_3_portrait.png in Resources */ = {isa = PBXBuildFile; fileRef = D87A18C25094478AB66F61B3 /* americano_pic_3_portrait.png */; };
		EC079B14A0734F7CBD550042 /* americano_pic_1_square.png in Resources */ = {isa = PBXBuildFile; fileRef = E37A4FE53267468F9D108426 /* americano_pic_1_square.png */; };
		8B42C60FF9E04A43BECD8352 /* americano_pic_2_square.png in Resources */ = {isa = PBXBuildFile; fileRef = 909AF82F42254DF98C93950F /* americano_pic_2_square.png */; };
		B497CDF556394CD589DF5372 /* americano_pic_3_square.png in Resources */ = {isa = PBXBuildFile; fileRef = DFC80D1804774738AA742F57 /* americano_pic_3_square.png */; };
		6A65C840AA184596875176D1 /* arabica_coffee_beans_portrait.png in Resources */ = {isa = PBXBuildFile; fileRef = 1FB7399A927248B4A02E2F2E /* arabica_coffee_beans_portrait.png */; };
		3408BB9F4D3E45F4BF308744 /* arabica_coffee_beans_square.png in Resources */ = {isa = PBXBuildFile; fileRef = F904F90BFE624E329B45FBC7 /* arabica_coffee_beans_square.png */; };
		2EA04494562D4E28AB52555F /* black_coffee_pic_1_portrait.png in Resources */ = {isa = PBXBuildFile; fileRef = DBC9E88FB768499EBA0CB594 /* black_coffee_pic_1_portrait.png */; };
		C12A6A9041874123924F2893 /* black_coffee_pic_2_portrait.png in Resources */ = {isa = PBXBuildFile; fileRef = F41230F77D6F4ACA878894E5 /* black_coffee_pic_2_portrait.png */; };
		BB2B1A09110548E78C1CB290 /* black_coffee_pic_3_portrait.png in Resources */ = {isa = PBXBuildFile; fileRef = 556D845990AE4A209831CAF8 /* black_coffee_pic_3_portrait.png */; };
		FBF5D5F3FA9D4D979FADD917 /* black_coffee_pic_1_square.png in Resources */ = {isa = PBXBuildFile; fileRef = DE002E14B17348619C75FA56 /* black_coffee_pic_1_square.png */; };
		9A36949819404615963D48F5 /* black_coffee_pic_2_square.png in Resources */ = {isa = PBXBuildFile; fileRef = AB0B54A66D9A43ACB26DB682 /* black_coffee_pic_2_square.png */; };
		CAC397A25A5E4387B0B462C9 /* black_coffee_pic_3_square.png in Resources */ = {isa = PBXBuildFile; fileRef = A1397D21AB1B45779486E410 /* black_coffee_pic_3_square.png */; };
		A007509AE2744256A62D0CB8 /* cappuccino_pic_1_portrait.png in Resources */ = {isa = PBXBuildFile; fileRef = 3C0AA70141FF4FCE9929036D /* cappuccino_pic_1_portrait.png */; };
		A51552E78FCD474EA2581FB9 /* cappuccino_pic_2_portrait.png in Resources */ = {isa = PBXBuildFile; fileRef = 04559DDB0EFD4F7B8491B017 /* cappuccino_pic_2_portrait.png */; };
		76816EDF33FF4CD1A0A7E39A /* cappuccino_pic_3_portrait.png in Resources */ = {isa = PBXBuildFile; fileRef = 26924848272848B691155582 /* cappuccino_pic_3_portrait.png */; };
		5D94C0E69EE84AC5AEAD1120 /* cappuccino_pic_1_square.png in Resources */ = {isa = PBXBuildFile; fileRef = 6A30C055A5674ACABAACB608 /* cappuccino_pic_1_square.png */; };
		44254418B69947EC99DF5544 /* cappuccino_pic_2_square.png in Resources */ = {isa = PBXBuildFile; fileRef = E12CBC38F33F487494F03423 /* cappuccino_pic_2_square.png */; };
		36783487BC514650AC7C0B3A /* cappuccino_pic_3_square.png in Resources */ = {isa = PBXBuildFile; fileRef = 7F5E71DB1933446EA975CD46 /* cappuccino_pic_3_square.png */; };
		6EF9CE3BACA241C489F0F231 /* espresso_pic_1_portrait.png in Resources */ = {isa = PBXBuildFile; fileRef = 44A9AE1DB5B8455CB5AD2CC5 /* espresso_pic_1_portrait.png */; };
		C7879942E6C34579BA16B1AB /* espresso_pic_2_portrait.png in Resources */ = {isa = PBXBuildFile; fileRef = 7CF2B56E2469476EA1986259 /* espresso_pic_2_portrait.png */; };
		153DB6914EEF4354A41A0935 /* espresso_pic_3_portrait.png in Resources */ = {isa = PBXBuildFile; fileRef = 795F6616042446C88BD190E5 /* espresso_pic_3_portrait.png */; };
		22BE7452B0FC41BB9842D540 /* espresso_pic_1_square.png in Resources */ = {isa = PBXBuildFile; fileRef = 09DCD2E82AB54E30BA48A8AD /* espresso_pic_1_square.png */; };
		ED985BA9FE21434090042572 /* espresso_pic_2_square.png in Resources */ = {isa = PBXBuildFile; fileRef = 0E0CC2797FE5474E9F6E66AB /* espresso_pic_2_square.png */; };
		4B7B2E5C3D4F4687B435AC22 /* espresso_pic_3_square.png in Resources */ = {isa = PBXBuildFile; fileRef = 82BE8062B1D64E39AE651BB4 /* espresso_pic_3_square.png */; };
		BA60BE8A1FDC4EC8B2BD018C /* excelsa_coffee_beans_portrait.png in Resources */ = {isa = PBXBuildFile; fileRef = B5CD3A72AA3148D3B0950F15 /* excelsa_coffee_beans_portrait.png */; };
		FDECAD375AC145EAA907D213 /* excelsa_coffee_beans_square.png in Resources */ = {isa = PBXBuildFile; fileRef = 807EBC8AB78040C29838AEA9 /* excelsa_coffee_beans_square.png */; };
		24BD52A027864DEC90CB2413 /* latte_pic_1_portrait.png in Resources */ = {isa = PBXBuildFile; fileRef = 86C09FFDC70C4A1697739170 /* latte_pic_1_portrait.png */; };
		FE368266AA1B40638F03450B /* latte_pic_2_portrait.png in Resources */ = {isa = PBXBuildFile; fileRef = 78C4EDB7AE0A42879287E14E /* latte_pic_2_portrait.png */; };
		18E86B947B6A4294BBFAC65B /* latte_pic_3_portrait.png in Resources */ = {isa = PBXBuildFile; fileRef = 4FBF8704B19A4220B6B8A52E /* latte_pic_3_portrait.png */; };
		18C240BDFA284B97A3383059 /* latte_pic_1_square.png in Resources */ = {isa = PBXBuildFile; fileRef = 733E18A686404C9BAB70C03E /* latte_pic_1_square.png */; };
		2C64EA887E2D42E0AA7508D6 /* latte_pic_2_square.png in Resources */ = {isa = PBXBuildFile; fileRef = BB45F587747744CD8AEFE45C /* latte_pic_2_square.png */; };
		68E6926D1B7045979F6951F0 /* latte_pic_3_square.png in Resources */ = {isa = PBXBuildFile; fileRef = 6DFD008E8A6644E0AD038244 /* latte_pic_3_square.png */; };
		AC0D2E11E87F48A5A29892AE /* liberica_coffee_beans_portrait.png in Resources */ = {isa = PBXBuildFile; fileRef = D114ABDB6662409EA319D3CD /* liberica_coffee_beans_portrait.png */; };
		2FEA5D3AE9084B94A3628A23 /* liberica_coffee_beans_square.png in Resources */ = {isa = PBXBuildFile; fileRef = 021695D55E284D678FFBDF31 /* liberica_coffee_beans_square.png */; };
		B8666AD657384B28AB6AD06F /* macchiato_pic_1_portrait.png in Resources */ = {isa = PBXBuildFile; fileRef = 347287C5DCAD4789A9C2CCB1 /* macchiato_pic_1_portrait.png */; };
		266B2573E00046308596987D /* macchiato_pic_2_portrait.png in Resources */ = {isa = PBXBuildFile; fileRef = E4F2A33E6D2945F48DB5AAB9 /* macchiato_pic_2_portrait.png */; };
		DE8D7614A72D4CC5832935C2 /* macchiato_pic_3_portrait.png in Resources */ = {isa = PBXBuildFile; fileRef = 9DBF73E6FCB94A219A74B0A8 /* macchiato_pic_3_portrait.png */; };
		D79CFEA38EA746059221C1A9 /* macchiato_pic_1_square.png in Resources */ = {isa = PBXBuildFile; fileRef = 2A2128F2809946F0B36D625B /* macchiato_pic_1_square.png */; };
		83F3E7AEB9F14042A33E388B /* macchiato_pic_2_square.png in Resources */ = {isa = PBXBuildFile; fileRef = D7C668D178014DF98D3A1E1F /* macchiato_pic_2_square.png */; };
		179B5000246F45398F164AC5 /* macchiato_pic_3_square.png in Resources */ = {isa = PBXBuildFile; fileRef = 0DEC22D732344A00A68BFB19 /* macchiato_pic_3_square.png */; };
		8D2A51DD2FE04A00AF0AB75A /* robusta_coffee_beans_portrait.png in Resources */ = {isa = PBXBuildFile; fileRef = 5BC5CA254A1243FC9A273A84 /* robusta_coffee_beans_portrait.png */; };
		00D8D882652E44AD9FA9D85A /* robusta_coffee_beans_square.png in Resources */ = {isa = PBXBuildFile; fileRef = C2FD58EEE1D743A8A668D3DA /* robusta_coffee_beans_square.png */; };
/* End PBXBuildFile section */

/* Begin PBXContainerItemProxy section */
		00E356F41AD99517003FC87E /* PBXContainerItemProxy */ = {
			isa = PBXContainerItemProxy;
			containerPortal = 83CBB9F71A601CBA00E9B192 /* Project object */;
			proxyType = 1;
			remoteGlobalIDString = 13B07F861A680F5B00A75B9A;
			remoteInfo = coffeeShop;
		};
/* End PBXContainerItemProxy section */

/* Begin PBXFileReference section */
		00E356EE1AD99517003FC87E /* coffeeShopTests.xctest */ = {isa = PBXFileReference; explicitFileType = wrapper.cfbundle; includeInIndex = 0; path = coffeeShopTests.xctest; sourceTree = BUILT_PRODUCTS_DIR; };
		00E356F11AD99517003FC87E /* Info.plist */ = {isa = PBXFileReference; lastKnownFileType = text.plist.xml; path = Info.plist; sourceTree = "<group>"; };
		00E356F21AD99517003FC87E /* coffeeShopTests.m */ = {isa = PBXFileReference; lastKnownFileType = sourcecode.c.objc; path = coffeeShopTests.m; sourceTree = "<group>"; };
		13B07F961A680F5B00A75B9A /* coffeeShop.app */ = {isa = PBXFileReference; explicitFileType = wrapper.application; includeInIndex = 0; path = coffeeShop.app; sourceTree = BUILT_PRODUCTS_DIR; };
		13B07FAF1A68108700A75B9A /* AppDelegate.h */ = {isa = PBXFileReference; fileEncoding = 4; lastKnownFileType = sourcecode.c.h; name = AppDelegate.h; path = coffeeShop/AppDelegate.h; sourceTree = "<group>"; };
		13B07FB01A68108700A75B9A /* AppDelegate.mm */ = {isa = PBXFileReference; fileEncoding = 4; lastKnownFileType = sourcecode.cpp.objcpp; name = AppDelegate.mm; path = coffeeShop/AppDelegate.mm; sourceTree = "<group>"; };
		13B07FB51A68108700A75B9A /* Images.xcassets */ = {isa = PBXFileReference; lastKnownFileType = folder.assetcatalog; name = Images.xcassets; path = coffeeShop/Images.xcassets; sourceTree = "<group>"; };
		13B07FB61A68108700A75B9A /* Info.plist */ = {isa = PBXFileReference; fileEncoding = 4; lastKnownFileType = text.plist.xml; name = Info.plist; path = coffeeShop/Info.plist; sourceTree = "<group>"; };
		13B07FB71A68108700A75B9A /* main.m */ = {isa = PBXFileReference; fileEncoding = 4; lastKnownFileType = sourcecode.c.objc; name = main.m; path = coffeeShop/main.m; sourceTree = "<group>"; };
		19F6CBCC0A4E27FBF8BF4A61 /* libPods-coffeeShop-coffeeShopTests.a */ = {isa = PBXFileReference; explicitFileType = archive.ar; includeInIndex = 0; path = "libPods-coffeeShop-coffeeShopTests.a"; sourceTree = BUILT_PRODUCTS_DIR; };
		3B4392A12AC88292D35C810B /* Pods-coffeeShop.debug.xcconfig */ = {isa = PBXFileReference; includeInIndex = 1; lastKnownFileType = text.xcconfig; name = "Pods-coffeeShop.debug.xcconfig"; path = "Target Support Files/Pods-coffeeShop/Pods-coffeeShop.debug.xcconfig"; sourceTree = "<group>"; };
		5709B34CF0A7D63546082F79 /* Pods-coffeeShop.release.xcconfig */ = {isa = PBXFileReference; includeInIndex = 1; lastKnownFileType = text.xcconfig; name = "Pods-coffeeShop.release.xcconfig"; path = "Target Support Files/Pods-coffeeShop/Pods-coffeeShop.release.xcconfig"; sourceTree = "<group>"; };
		5B7EB9410499542E8C5724F5 /* Pods-coffeeShop-coffeeShopTests.debug.xcconfig */ = {isa = PBXFileReference; includeInIndex = 1; lastKnownFileType = text.xcconfig; name = "Pods-coffeeShop-coffeeShopTests.debug.xcconfig"; path = "Target Support Files/Pods-coffeeShop-coffeeShopTests/Pods-coffeeShop-coffeeShopTests.debug.xcconfig"; sourceTree = "<group>"; };
		5DCACB8F33CDC322A6C60F78 /* libPods-coffeeShop.a */ = {isa = PBXFileReference; explicitFileType = archive.ar; includeInIndex = 0; path = "libPods-coffeeShop.a"; sourceTree = BUILT_PRODUCTS_DIR; };
		81AB9BB72411601600AC10FF /* LaunchScreen.storyboard */ = {isa = PBXFileReference; fileEncoding = 4; lastKnownFileType = file.storyboard; name = LaunchScreen.storyboard; path = coffeeShop/LaunchScreen.storyboard; sourceTree = "<group>"; };
		89C6BE57DB24E9ADA2F236DE /* Pods-coffeeShop-coffeeShopTests.release.xcconfig */ = {isa = PBXFileReference; includeInIndex = 1; lastKnownFileType = text.xcconfig; name = "Pods-coffeeShop-coffeeShopTests.release.xcconfig"; path = "Target Support Files/Pods-coffeeShop-coffeeShopTests/Pods-coffeeShop-coffeeShopTests.release.xcconfig"; sourceTree = "<group>"; };
		ED297162215061F000B7C4FE /* JavaScriptCore.framework */ = {isa = PBXFileReference; lastKnownFileType = wrapper.framework; name = JavaScriptCore.framework; path = System/Library/Frameworks/JavaScriptCore.framework; sourceTree = SDKROOT; };
		08B2A67EB2104587971711E4 /* Poppins-Black.ttf */ = {isa = PBXFileReference; name = "Poppins-Black.ttf"; path = "../src/assets/fonts/Poppins-Black.ttf"; sourceTree = "<group>"; fileEncoding = undefined; lastKnownFileType = unknown; explicitFileType = undefined; includeInIndex = 0; };
		7DBA9AE4970C4036899E7F4E /* Poppins-Bold.ttf */ = {isa = PBXFileReference; name = "Poppins-Bold.ttf"; path = "../src/assets/fonts/Poppins-Bold.ttf"; sourceTree = "<group>"; fileEncoding = undefined; lastKnownFileType = unknown; explicitFileType = undefined; includeInIndex = 0; };
		584F03249CB14BAC8AE41604 /* Poppins-ExtraBold.ttf */ = {isa = PBXFileReference; name = "Poppins-ExtraBold.ttf"; path = "../src/assets/fonts/Poppins-ExtraBold.ttf"; sourceTree = "<group>"; fileEncoding = undefined; lastKnownFileType = unknown; explicitFileType = undefined; includeInIndex = 0; };
		BF0A34ADD7074C0490A43C47 /* Poppins-ExtraLight.ttf */ = {isa = PBXFileReference; name = "Poppins-ExtraLight.ttf"; path = "../src/assets/fonts/Poppins-ExtraLight.ttf"; sourceTree = "<group>"; fileEncoding = undefined; lastKnownFileType = unknown; explicitFileType = undefined; includeInIndex = 0; };
		665D30CADD9C496BADA6A92F /* Poppins-Light.ttf */ = {isa = PBXFileReference; name = "Poppins-Light.ttf"; path = "../src/assets/fonts/Poppins-Light.ttf"; sourceTree = "<group>"; fileEncoding = undefined; lastKnownFileType = unknown; explicitFileType = undefined; includeInIndex = 0; };
		97D1E71E683A4FE09192AAB4 /* Poppins-Medium.ttf */ = {isa = PBXFileReference; name = "Poppins-Medium.ttf"; path = "../src/assets/fonts/Poppins-Medium.ttf"; sourceTree = "<group>"; fileEncoding = undefined; lastKnownFileType = unknown; explicitFileType = undefined; includeInIndex = 0; };
		15D5BA9F1EFF4F11B3540EB4 /* Poppins-Regular.ttf */ = {isa = PBXFileReference; name = "Poppins-Regular.ttf"; path = "../src/assets/fonts/Poppins-Regular.ttf"; sourceTree = "<group>"; fileEncoding = undefined; lastKnownFileType = unknown; explicitFileType = undefined; includeInIndex = 0; };
		E34617C340BC4047BC7954C8 /* Poppins-SemiBold.ttf */ = {isa = PBXFileReference; name = "Poppins-SemiBold.ttf"; path = "../src/assets/fonts/Poppins-SemiBold.ttf"; sourceTree = "<group>"; fileEncoding = undefined; lastKnownFileType = unknown; explicitFileType = undefined; includeInIndex = 0; };
		010DE602324940F4A9DB63B5 /* Poppins-Thin.ttf */ = {isa = PBXFileReference; name = "Poppins-Thin.ttf"; path = "../src/assets/fonts/Poppins-Thin.ttf"; sourceTree = "<group>"; fileEncoding = undefined; lastKnownFileType = unknown; explicitFileType = undefined; includeInIndex = 0; };
		EB527AC7564449FC9B132E03 /* app_icons.ttf */ = {isa = PBXFileReference; name = "app_icons.ttf"; path = "../src/assets/fonts/app_icons.ttf"; sourceTree = "<group>"; fileEncoding = undefined; lastKnownFileType = unknown; explicitFileType = undefined; includeInIndex = 0; };
		E15979DC5188482A9D0FC158 /* amazonpay.png */ = {isa = PBXFileReference; name = "amazonpay.png"; path = "../src/assets/app_images/amazonpay.png"; sourceTree = "<group>"; fileEncoding = undefined; lastKnownFileType = unknown; explicitFileType = undefined; includeInIndex = 0; };
		3C7CB42EE36F423FADA03946 /* applepay.png */ = {isa = PBXFileReference; name = "applepay.png"; path = "../src/assets/app_images/applepay.png"; sourceTree = "<group>"; fileEncoding = undefined; lastKnownFileType = unknown; explicitFileType = undefined; includeInIndex = 0; };
		63B5D656F4F54FBF9ED18911 /* avatar.png */ = {isa = PBXFileReference; name = "avatar.png"; path = "../src/assets/app_images/avatar.png"; sourceTree = "<group>"; fileEncoding = undefined; lastKnownFileType = unknown; explicitFileType = undefined; includeInIndex = 0; };
		041A89F80C0845FB8173622C /* gpay.png */ = {isa = PBXFileReference; name = "gpay.png"; path = "../src/assets/app_images/gpay.png"; sourceTree = "<group>"; fileEncoding = undefined; lastKnownFileType = unknown; explicitFileType = undefined; includeInIndex = 0; };
		6ABBEA19269448639AA25408 /* americano_pic_1_portrait.png */ = {isa = PBXFileReference; name = "americano_pic_1_portrait.png"; path = "../src/assets/coffee_assets/americano/portrait/americano_pic_1_portrait.png"; sourceTree = "<group>"; fileEncoding = undefined; lastKnownFileType = unknown; explicitFileType = undefined; includeInIndex = 0; };
		D35B716BDECA469AB03900C5 /* americano_pic_2_portrait.png */ = {isa = PBXFileReference; name = "americano_pic_2_portrait.png"; path = "../src/assets/coffee_assets/americano/portrait/americano_pic_2_portrait.png"; sourceTree = "<group>"; fileEncoding = undefined; lastKnownFileType = unknown; explicitFileType = undefined; includeInIndex = 0; };
		D87A18C25094478AB66F61B3 /* americano_pic_3_portrait.png */ = {isa = PBXFileReference; name = "americano_pic_3_portrait.png"; path = "../src/assets/coffee_assets/americano/portrait/americano_pic_3_portrait.png"; sourceTree = "<group>"; fileEncoding = undefined; lastKnownFileType = unknown; explicitFileType = undefined; includeInIndex = 0; };
		E37A4FE53267468F9D108426 /* americano_pic_1_square.png */ = {isa = PBXFileReference; name = "americano_pic_1_square.png"; path = "../src/assets/coffee_assets/americano/square/americano_pic_1_square.png"; sourceTree = "<group>"; fileEncoding = undefined; lastKnownFileType = unknown; explicitFileType = undefined; includeInIndex = 0; };
		909AF82F42254DF98C93950F /* americano_pic_2_square.png */ = {isa = PBXFileReference; name = "americano_pic_2_square.png"; path = "../src/assets/coffee_assets/americano/square/americano_pic_2_square.png"; sourceTree = "<group>"; fileEncoding = undefined; lastKnownFileType = unknown; explicitFileType = undefined; includeInIndex = 0; };
		DFC80D1804774738AA742F57 /* americano_pic_3_square.png */ = {isa = PBXFileReference; name = "americano_pic_3_square.png"; path = "../src/assets/coffee_assets/americano/square/americano_pic_3_square.png"; sourceTree = "<group>"; fileEncoding = undefined; lastKnownFileType = unknown; explicitFileType = undefined; includeInIndex = 0; };
		1FB7399A927248B4A02E2F2E /* arabica_coffee_beans_portrait.png */ = {isa = PBXFileReference; name = "arabica_coffee_beans_portrait.png"; path = "../src/assets/coffee_assets/arabica_coffee_beans/arabica_coffee_beans_portrait.png"; sourceTree = "<group>"; fileEncoding = undefined; lastKnownFileType = unknown; explicitFileType = undefined; includeInIndex = 0; };
		F904F90BFE624E329B45FBC7 /* arabica_coffee_beans_square.png */ = {isa = PBXFileReference; name = "arabica_coffee_beans_square.png"; path = "../src/assets/coffee_assets/arabica_coffee_beans/arabica_coffee_beans_square.png"; sourceTree = "<group>"; fileEncoding = undefined; lastKnownFileType = unknown; explicitFileType = undefined; includeInIndex = 0; };
		DBC9E88FB768499EBA0CB594 /* black_coffee_pic_1_portrait.png */ = {isa = PBXFileReference; name = "black_coffee_pic_1_portrait.png"; path = "../src/assets/coffee_assets/black_coffee/portrait/black_coffee_pic_1_portrait.png"; sourceTree = "<group>"; fileEncoding = undefined; lastKnownFileType = unknown; explicitFileType = undefined; includeInIndex = 0; };
		F41230F77D6F4ACA878894E5 /* black_coffee_pic_2_portrait.png */ = {isa = PBXFileReference; name = "black_coffee_pic_2_portrait.png"; path = "../src/assets/coffee_assets/black_coffee/portrait/black_coffee_pic_2_portrait.png"; sourceTree = "<group>"; fileEncoding = undefined; lastKnownFileType = unknown; explicitFileType = undefined; includeInIndex = 0; };
		556D845990AE4A209831CAF8 /* black_coffee_pic_3_portrait.png */ = {isa = PBXFileReference; name = "black_coffee_pic_3_portrait.png"; path = "../src/assets/coffee_assets/black_coffee/portrait/black_coffee_pic_3_portrait.png"; sourceTree = "<group>"; fileEncoding = undefined; lastKnownFileType = unknown; explicitFileType = undefined; includeInIndex = 0; };
		DE002E14B17348619C75FA56 /* black_coffee_pic_1_square.png */ = {isa = PBXFileReference; name = "black_coffee_pic_1_square.png"; path = "../src/assets/coffee_assets/black_coffee/square/black_coffee_pic_1_square.png"; sourceTree = "<group>"; fileEncoding = undefined; lastKnownFileType = unknown; explicitFileType = undefined; includeInIndex = 0; };
		AB0B54A66D9A43ACB26DB682 /* black_coffee_pic_2_square.png */ = {isa = PBXFileReference; name = "black_coffee_pic_2_square.png"; path = "../src/assets/coffee_assets/black_coffee/square/black_coffee_pic_2_square.png"; sourceTree = "<group>"; fileEncoding = undefined; lastKnownFileType = unknown; explicitFileType = undefined; includeInIndex = 0; };
		A1397D21AB1B45779486E410 /* black_coffee_pic_3_square.png */ = {isa = PBXFileReference; name = "black_coffee_pic_3_square.png"; path = "../src/assets/coffee_assets/black_coffee/square/black_coffee_pic_3_square.png"; sourceTree = "<group>"; fileEncoding = undefined; lastKnownFileType = unknown; explicitFileType = undefined; includeInIndex = 0; };
		3C0AA70141FF4FCE9929036D /* cappuccino_pic_1_portrait.png */ = {isa = PBXFileReference; name = "cappuccino_pic_1_portrait.png"; path = "../src/assets/coffee_assets/cappuccino/portrait/cappuccino_pic_1_portrait.png"; sourceTree = "<group>"; fileEncoding = undefined; lastKnownFileType = unknown; explicitFileType = undefined; includeInIndex = 0; };
		04559DDB0EFD4F7B8491B017 /* cappuccino_pic_2_portrait.png */ = {isa = PBXFileReference; name = "cappuccino_pic_2_portrait.png"; path = "../src/assets/coffee_assets/cappuccino/portrait/cappuccino_pic_2_portrait.png"; sourceTree = "<group>"; fileEncoding = undefined; lastKnownFileType = unknown; explicitFileType = undefined; includeInIndex = 0; };
		26924848272848B691155582 /* cappuccino_pic_3_portrait.png */ = {isa = PBXFileReference; name = "cappuccino_pic_3_portrait.png"; path = "../src/assets/coffee_assets/cappuccino/portrait/cappuccino_pic_3_portrait.png"; sourceTree = "<group>"; fileEncoding = undefined; lastKnownFileType = unknown; explicitFileType = undefined; includeInIndex = 0; };
		6A30C055A5674ACABAACB608 /* cappuccino_pic_1_square.png */ = {isa = PBXFileReference; name = "cappuccino_pic_1_square.png"; path = "../src/assets/coffee_assets/cappuccino/square/cappuccino_pic_1_square.png"; sourceTree = "<group>"; fileEncoding = undefined; lastKnownFileType = unknown; explicitFileType = undefined; includeInIndex = 0; };
		E12CBC38F33F487494F03423 /* cappuccino_pic_2_square.png */ = {isa = PBXFileReference; name = "cappuccino_pic_2_square.png"; path = "../src/assets/coffee_assets/cappuccino/square/cappuccino_pic_2_square.png"; sourceTree = "<group>"; fileEncoding = undefined; lastKnownFileType = unknown; explicitFileType = undefined; includeInIndex = 0; };
		7F5E71DB1933446EA975CD46 /* cappuccino_pic_3_square.png */ = {isa = PBXFileReference; name = "cappuccino_pic_3_square.png"; path = "../src/assets/coffee_assets/cappuccino/square/cappuccino_pic_3_square.png"; sourceTree = "<group>"; fileEncoding = undefined; lastKnownFileType = unknown; explicitFileType = undefined; includeInIndex = 0; };
		44A9AE1DB5B8455CB5AD2CC5 /* espresso_pic_1_portrait.png */ = {isa = PBXFileReference; name = "espresso_pic_1_portrait.png"; path = "../src/assets/coffee_assets/espresso/portrait/espresso_pic_1_portrait.png"; sourceTree = "<group>"; fileEncoding = undefined; lastKnownFileType = unknown; explicitFileType = undefined; includeInIndex = 0; };
		7CF2B56E2469476EA1986259 /* espresso_pic_2_portrait.png */ = {isa = PBXFileReference; name = "espresso_pic_2_portrait.png"; path = "../src/assets/coffee_assets/espresso/portrait/espresso_pic_2_portrait.png"; sourceTree = "<group>"; fileEncoding = undefined; lastKnownFileType = unknown; explicitFileType = undefined; includeInIndex = 0; };
		795F6616042446C88BD190E5 /* espresso_pic_3_portrait.png */ = {isa = PBXFileReference; name = "espresso_pic_3_portrait.png"; path = "../src/assets/coffee_assets/espresso/portrait/espresso_pic_3_portrait.png"; sourceTree = "<group>"; fileEncoding = undefined; lastKnownFileType = unknown; explicitFileType = undefined; includeInIndex = 0; };
		09DCD2E82AB54E30BA48A8AD /* espresso_pic_1_square.png */ = {isa = PBXFileReference; name = "espresso_pic_1_square.png"; path = "../src/assets/coffee_assets/espresso/square/espresso_pic_1_square.png"; sourceTree = "<group>"; fileEncoding = undefined; lastKnownFileType = unknown; explicitFileType = undefined; includeInIndex = 0; };
		0E0CC2797FE5474E9F6E66AB /* espresso_pic_2_square.png */ = {isa = PBXFileReference; name = "espresso_pic_2_square.png"; path = "../src/assets/coffee_assets/espresso/square/espresso_pic_2_square.png"; sourceTree = "<group>"; fileEncoding = undefined; lastKnownFileType = unknown; explicitFileType = undefined; includeInIndex = 0; };
		82BE8062B1D64E39AE651BB4 /* espresso_pic_3_square.png */ = {isa = PBXFileReference; name = "espresso_pic_3_square.png"; path = "../src/assets/coffee_assets/espresso/square/espresso_pic_3_square.png"; sourceTree = "<group>"; fileEncoding = undefined; lastKnownFileType = unknown; explicitFileType = undefined; includeInIndex = 0; };
		B5CD3A72AA3148D3B0950F15 /* excelsa_coffee_beans_portrait.png */ = {isa = PBXFileReference; name = "excelsa_coffee_beans_portrait.png"; path = "../src/assets/coffee_assets/excelsa_coffee_beans/excelsa_coffee_beans_portrait.png"; sourceTree = "<group>"; fileEncoding = undefined; lastKnownFileType = unknown; explicitFileType = undefined; includeInIndex = 0; };
		807EBC8AB78040C29838AEA9 /* excelsa_coffee_beans_square.png */ = {isa = PBXFileReference; name = "excelsa_coffee_beans_square.png"; path = "../src/assets/coffee_assets/excelsa_coffee_beans/excelsa_coffee_beans_square.png"; sourceTree = "<group>"; fileEncoding = undefined; lastKnownFileType = unknown; explicitFileType = undefined; includeInIndex = 0; };
		86C09FFDC70C4A1697739170 /* latte_pic_1_portrait.png */ = {isa = PBXFileReference; name = "latte_pic_1_portrait.png"; path = "../src/assets/coffee_assets/latte/portrait/latte_pic_1_portrait.png"; sourceTree = "<group>"; fileEncoding = undefined; lastKnownFileType = unknown; explicitFileType = undefined; includeInIndex = 0; };
		78C4EDB7AE0A42879287E14E /* latte_pic_2_portrait.png */ = {isa = PBXFileReference; name = "latte_pic_2_portrait.png"; path = "../src/assets/coffee_assets/latte/portrait/latte_pic_2_portrait.png"; sourceTree = "<group>"; fileEncoding = undefined; lastKnownFileType = unknown; explicitFileType = undefined; includeInIndex = 0; };
		4FBF8704B19A4220B6B8A52E /* latte_pic_3_portrait.png */ = {isa = PBXFileReference; name = "latte_pic_3_portrait.png"; path = "../src/assets/coffee_assets/latte/portrait/latte_pic_3_portrait.png"; sourceTree = "<group>"; fileEncoding = undefined; lastKnownFileType = unknown; explicitFileType = undefined; includeInIndex = 0; };
		733E18A686404C9BAB70C03E /* latte_pic_1_square.png */ = {isa = PBXFileReference; name = "latte_pic_1_square.png"; path = "../src/assets/coffee_assets/latte/square/latte_pic_1_square.png"; sourceTree = "<group>"; fileEncoding = undefined; lastKnownFileType = unknown; explicitFileType = undefined; includeInIndex = 0; };
		BB45F587747744CD8AEFE45C /* latte_pic_2_square.png */ = {isa = PBXFileReference; name = "latte_pic_2_square.png"; path = "../src/assets/coffee_assets/latte/square/latte_pic_2_square.png"; sourceTree = "<group>"; fileEncoding = undefined; lastKnownFileType = unknown; explicitFileType = undefined; includeInIndex = 0; };
		6DFD008E8A6644E0AD038244 /* latte_pic_3_square.png */ = {isa = PBXFileReference; name = "latte_pic_3_square.png"; path = "../src/assets/coffee_assets/latte/square/latte_pic_3_square.png"; sourceTree = "<group>"; fileEncoding = undefined; lastKnownFileType = unknown; explicitFileType = undefined; includeInIndex = 0; };
		D114ABDB6662409EA319D3CD /* liberica_coffee_beans_portrait.png */ = {isa = PBXFileReference; name = "liberica_coffee_beans_portrait.png"; path = "../src/assets/coffee_assets/liberica_coffee_beans/liberica_coffee_beans_portrait.png"; sourceTree = "<group>"; fileEncoding = undefined; lastKnownFileType = unknown; explicitFileType = undefined; includeInIndex = 0; };
		021695D55E284D678FFBDF31 /* liberica_coffee_beans_square.png */ = {isa = PBXFileReference; name = "liberica_coffee_beans_square.png"; path = "../src/assets/coffee_assets/liberica_coffee_beans/liberica_coffee_beans_square.png"; sourceTree = "<group>"; fileEncoding = undefined; lastKnownFileType = unknown; explicitFileType = undefined; includeInIndex = 0; };
		347287C5DCAD4789A9C2CCB1 /* macchiato_pic_1_portrait.png */ = {isa = PBXFileReference; name = "macchiato_pic_1_portrait.png"; path = "../src/assets/coffee_assets/macchiato/portrait/macchiato_pic_1_portrait.png"; sourceTree = "<group>"; fileEncoding = undefined; lastKnownFileType = unknown; explicitFileType = undefined; includeInIndex = 0; };
		E4F2A33E6D2945F48DB5AAB9 /* macchiato_pic_2_portrait.png */ = {isa = PBXFileReference; name = "macchiato_pic_2_portrait.png"; path = "../src/assets/coffee_assets/macchiato/portrait/macchiato_pic_2_portrait.png"; sourceTree = "<group>"; fileEncoding = undefined; lastKnownFileType = unknown; explicitFileType = undefined; includeInIndex = 0; };
		9DBF73E6FCB94A219A74B0A8 /* macchiato_pic_3_portrait.png */ = {isa = PBXFileReference; name = "macchiato_pic_3_portrait.png"; path = "../src/assets/coffee_assets/macchiato/portrait/macchiato_pic_3_portrait.png"; sourceTree = "<group>"; fileEncoding = undefined; lastKnownFileType = unknown; explicitFileType = undefined; includeInIndex = 0; };
		2A2128F2809946F0B36D625B /* macchiato_pic_1_square.png */ = {isa = PBXFileReference; name = "macchiato_pic_1_square.png"; path = "../src/assets/coffee_assets/macchiato/square/macchiato_pic_1_square.png"; sourceTree = "<group>"; fileEncoding = undefined; lastKnownFileType = unknown; explicitFileType = undefined; includeInIndex = 0; };
		D7C668D178014DF98D3A1E1F /* macchiato_pic_2_square.png */ = {isa = PBXFileReference; name = "macchiato_pic_2_square.png"; path = "../src/assets/coffee_assets/macchiato/square/macchiato_pic_2_square.png"; sourceTree = "<group>"; fileEncoding = undefined; lastKnownFileType = unknown; explicitFileType = undefined; includeInIndex = 0; };
		0DEC22D732344A00A68BFB19 /* macchiato_pic_3_square.png */ = {isa = PBXFileReference; name = "macchiato_pic_3_square.png"; path = "../src/assets/coffee_assets/macchiato/square/macchiato_pic_3_square.png"; sourceTree = "<group>"; fileEncoding = undefined; lastKnownFileType = unknown; explicitFileType = undefined; includeInIndex = 0; };
		5BC5CA254A1243FC9A273A84 /* robusta_coffee_beans_portrait.png */ = {isa = PBXFileReference; name = "robusta_coffee_beans_portrait.png"; path = "../src/assets/coffee_assets/robusta_coffee_beans/robusta_coffee_beans_portrait.png"; sourceTree = "<group>"; fileEncoding = undefined; lastKnownFileType = unknown; explicitFileType = undefined; includeInIndex = 0; };
		C2FD58EEE1D743A8A668D3DA /* robusta_coffee_beans_square.png */ = {isa = PBXFileReference; name = "robusta_coffee_beans_square.png"; path = "../src/assets/coffee_assets/robusta_coffee_beans/robusta_coffee_beans_square.png"; sourceTree = "<group>"; fileEncoding = undefined; lastKnownFileType = unknown; explicitFileType = undefined; includeInIndex = 0; };
/* End PBXFileReference section */

/* Begin PBXFrameworksBuildPhase section */
		00E356EB1AD99517003FC87E /* Frameworks */ = {
			isa = PBXFrameworksBuildPhase;
			buildActionMask = 2147483647;
			files = (
				7699B88040F8A987B510C191 /* libPods-coffeeShop-coffeeShopTests.a in Frameworks */,
			);
			runOnlyForDeploymentPostprocessing = 0;
		};
		13B07F8C1A680F5B00A75B9A /* Frameworks */ = {
			isa = PBXFrameworksBuildPhase;
			buildActionMask = 2147483647;
			files = (
				0C80B921A6F3F58F76C31292 /* libPods-coffeeShop.a in Frameworks */,
			);
			runOnlyForDeploymentPostprocessing = 0;
		};
/* End PBXFrameworksBuildPhase section */

/* Begin PBXGroup section */
		00E356EF1AD99517003FC87E /* coffeeShopTests */ = {
			isa = PBXGroup;
			children = (
				00E356F21AD99517003FC87E /* coffeeShopTests.m */,
				00E356F01AD99517003FC87E /* Supporting Files */,
			);
			path = coffeeShopTests;
			sourceTree = "<group>";
		};
		00E356F01AD99517003FC87E /* Supporting Files */ = {
			isa = PBXGroup;
			children = (
				00E356F11AD99517003FC87E /* Info.plist */,
			);
			name = "Supporting Files";
			sourceTree = "<group>";
		};
		13B07FAE1A68108700A75B9A /* coffeeShop */ = {
			isa = PBXGroup;
			children = (
				13B07FAF1A68108700A75B9A /* AppDelegate.h */,
				13B07FB01A68108700A75B9A /* AppDelegate.mm */,
				13B07FB51A68108700A75B9A /* Images.xcassets */,
				13B07FB61A68108700A75B9A /* Info.plist */,
				81AB9BB72411601600AC10FF /* LaunchScreen.storyboard */,
				13B07FB71A68108700A75B9A /* main.m */,
			);
			name = coffeeShop;
			sourceTree = "<group>";
		};
		2D16E6871FA4F8E400B85C8A /* Frameworks */ = {
			isa = PBXGroup;
			children = (
				ED297162215061F000B7C4FE /* JavaScriptCore.framework */,
				5DCACB8F33CDC322A6C60F78 /* libPods-coffeeShop.a */,
				19F6CBCC0A4E27FBF8BF4A61 /* libPods-coffeeShop-coffeeShopTests.a */,
			);
			name = Frameworks;
			sourceTree = "<group>";
		};
		832341AE1AAA6A7D00B99B32 /* Libraries */ = {
			isa = PBXGroup;
			children = (
			);
			name = Libraries;
			sourceTree = "<group>";
		};
		83CBB9F61A601CBA00E9B192 = {
			isa = PBXGroup;
			children = (
				13B07FAE1A68108700A75B9A /* coffeeShop */,
				832341AE1AAA6A7D00B99B32 /* Libraries */,
				00E356EF1AD99517003FC87E /* coffeeShopTests */,
				83CBBA001A601CBA00E9B192 /* Products */,
				2D16E6871FA4F8E400B85C8A /* Frameworks */,
				BBD78D7AC51CEA395F1C20DB /* Pods */,
				93D64E48128D4B588F889062 /* Resources */,
			);
			indentWidth = 2;
			sourceTree = "<group>";
			tabWidth = 2;
			usesTabs = 0;
		};
		83CBBA001A601CBA00E9B192 /* Products */ = {
			isa = PBXGroup;
			children = (
				13B07F961A680F5B00A75B9A /* coffeeShop.app */,
				00E356EE1AD99517003FC87E /* coffeeShopTests.xctest */,
			);
			name = Products;
			sourceTree = "<group>";
		};
		BBD78D7AC51CEA395F1C20DB /* Pods */ = {
			isa = PBXGroup;
			children = (
				3B4392A12AC88292D35C810B /* Pods-coffeeShop.debug.xcconfig */,
				5709B34CF0A7D63546082F79 /* Pods-coffeeShop.release.xcconfig */,
				5B7EB9410499542E8C5724F5 /* Pods-coffeeShop-coffeeShopTests.debug.xcconfig */,
				89C6BE57DB24E9ADA2F236DE /* Pods-coffeeShop-coffeeShopTests.release.xcconfig */,
			);
			path = Pods;
			sourceTree = "<group>";
		};
		93D64E48128D4B588F889062 /* Resources */ = {
			isa = "PBXGroup";
			children = (
				08B2A67EB2104587971711E4 /* Poppins-Black.ttf */,
				7DBA9AE4970C4036899E7F4E /* Poppins-Bold.ttf */,
				584F03249CB14BAC8AE41604 /* Poppins-ExtraBold.ttf */,
				BF0A34ADD7074C0490A43C47 /* Poppins-ExtraLight.ttf */,
				665D30CADD9C496BADA6A92F /* Poppins-Light.ttf */,
				97D1E71E683A4FE09192AAB4 /* Poppins-Medium.ttf */,
				15D5BA9F1EFF4F11B3540EB4 /* Poppins-Regular.ttf */,
				E34617C340BC4047BC7954C8 /* Poppins-SemiBold.ttf */,
				010DE602324940F4A9DB63B5 /* Poppins-Thin.ttf */,
				EB527AC7564449FC9B132E03 /* app_icons.ttf */,
				E15979DC5188482A9D0FC158 /* amazonpay.png */,
				3C7CB42EE36F423FADA03946 /* applepay.png */,
				63B5D656F4F54FBF9ED18911 /* avatar.png */,
				041A89F80C0845FB8173622C /* gpay.png */,
				6ABBEA19269448639AA25408 /* americano_pic_1_portrait.png */,
				D35B716BDECA469AB03900C5 /* americano_pic_2_portrait.png */,
				D87A18C25094478AB66F61B3 /* americano_pic_3_portrait.png */,
				E37A4FE53267468F9D108426 /* americano_pic_1_square.png */,
				909AF82F42254DF98C93950F /* americano_pic_2_square.png */,
				DFC80D1804774738AA742F57 /* americano_pic_3_square.png */,
				1FB7399A927248B4A02E2F2E /* arabica_coffee_beans_portrait.png */,
				F904F90BFE624E329B45FBC7 /* arabica_coffee_beans_square.png */,
				DBC9E88FB768499EBA0CB594 /* black_coffee_pic_1_portrait.png */,
				F41230F77D6F4ACA878894E5 /* black_coffee_pic_2_portrait.png */,
				556D845990AE4A209831CAF8 /* black_coffee_pic_3_portrait.png */,
				DE002E14B17348619C75FA56 /* black_coffee_pic_1_square.png */,
				AB0B54A66D9A43ACB26DB682 /* black_coffee_pic_2_square.png */,
				A1397D21AB1B45779486E410 /* black_coffee_pic_3_square.png */,
				3C0AA70141FF4FCE9929036D /* cappuccino_pic_1_portrait.png */,
				04559DDB0EFD4F7B8491B017 /* cappuccino_pic_2_portrait.png */,
				26924848272848B691155582 /* cappuccino_pic_3_portrait.png */,
				6A30C055A5674ACABAACB608 /* cappuccino_pic_1_square.png */,
				E12CBC38F33F487494F03423 /* cappuccino_pic_2_square.png */,
				7F5E71DB1933446EA975CD46 /* cappuccino_pic_3_square.png */,
				44A9AE1DB5B8455CB5AD2CC5 /* espresso_pic_1_portrait.png */,
				7CF2B56E2469476EA1986259 /* espresso_pic_2_portrait.png */,
				795F6616042446C88BD190E5 /* espresso_pic_3_portrait.png */,
				09DCD2E82AB54E30BA48A8AD /* espresso_pic_1_square.png */,
				0E0CC2797FE5474E9F6E66AB /* espresso_pic_2_square.png */,
				82BE8062B1D64E39AE651BB4 /* espresso_pic_3_square.png */,
				B5CD3A72AA3148D3B0950F15 /* excelsa_coffee_beans_portrait.png */,
				807EBC8AB78040C29838AEA9 /* excelsa_coffee_beans_square.png */,
				86C09FFDC70C4A1697739170 /* latte_pic_1_portrait.png */,
				78C4EDB7AE0A42879287E14E /* latte_pic_2_portrait.png */,
				4FBF8704B19A4220B6B8A52E /* latte_pic_3_portrait.png */,
				733E18A686404C9BAB70C03E /* latte_pic_1_square.png */,
				BB45F587747744CD8AEFE45C /* latte_pic_2_square.png */,
				6DFD008E8A6644E0AD038244 /* latte_pic_3_square.png */,
				D114ABDB6662409EA319D3CD /* liberica_coffee_beans_portrait.png */,
				021695D55E284D678FFBDF31 /* liberica_coffee_beans_square.png */,
				347287C5DCAD4789A9C2CCB1 /* macchiato_pic_1_portrait.png */,
				E4F2A33E6D2945F48DB5AAB9 /* macchiato_pic_2_portrait.png */,
				9DBF73E6FCB94A219A74B0A8 /* macchiato_pic_3_portrait.png */,
				2A2128F2809946F0B36D625B /* macchiato_pic_1_square.png */,
				D7C668D178014DF98D3A1E1F /* macchiato_pic_2_square.png */,
				0DEC22D732344A00A68BFB19 /* macchiato_pic_3_square.png */,
				5BC5CA254A1243FC9A273A84 /* robusta_coffee_beans_portrait.png */,
				C2FD58EEE1D743A8A668D3DA /* robusta_coffee_beans_square.png */,
			);
			name = Resources;
			sourceTree = "<group>";
			path = "";
		};
/* End PBXGroup section */

/* Begin PBXNativeTarget section */
		00E356ED1AD99517003FC87E /* coffeeShopTests */ = {
			isa = PBXNativeTarget;
			buildConfigurationList = 00E357021AD99517003FC87E /* Build configuration list for PBXNativeTarget "coffeeShopTests" */;
			buildPhases = (
				A55EABD7B0C7F3A422A6CC61 /* [CP] Check Pods Manifest.lock */,
				00E356EA1AD99517003FC87E /* Sources */,
				00E356EB1AD99517003FC87E /* Frameworks */,
				00E356EC1AD99517003FC87E /* Resources */,
				C59DA0FBD6956966B86A3779 /* [CP] Embed Pods Frameworks */,
				F6A41C54EA430FDDC6A6ED99 /* [CP] Copy Pods Resources */,
			);
			buildRules = (
			);
			dependencies = (
				00E356F51AD99517003FC87E /* PBXTargetDependency */,
			);
			name = coffeeShopTests;
			productName = coffeeShopTests;
			productReference = 00E356EE1AD99517003FC87E /* coffeeShopTests.xctest */;
			productType = "com.apple.product-type.bundle.unit-test";
		};
		13B07F861A680F5B00A75B9A /* coffeeShop */ = {
			isa = PBXNativeTarget;
			buildConfigurationList = 13B07F931A680F5B00A75B9A /* Build configuration list for PBXNativeTarget "coffeeShop" */;
			buildPhases = (
				C38B50BA6285516D6DCD4F65 /* [CP] Check Pods Manifest.lock */,
				13B07F871A680F5B00A75B9A /* Sources */,
				13B07F8C1A680F5B00A75B9A /* Frameworks */,
				13B07F8E1A680F5B00A75B9A /* Resources */,
				00DD1BFF1BD5951E006B06BC /* Bundle React Native code and images */,
				00EEFC60759A1932668264C0 /* [CP] Embed Pods Frameworks */,
				E235C05ADACE081382539298 /* [CP] Copy Pods Resources */,
			);
			buildRules = (
			);
			dependencies = (
			);
			name = coffeeShop;
			productName = coffeeShop;
			productReference = 13B07F961A680F5B00A75B9A /* coffeeShop.app */;
			productType = "com.apple.product-type.application";
		};
/* End PBXNativeTarget section */

/* Begin PBXProject section */
		83CBB9F71A601CBA00E9B192 /* Project object */ = {
			isa = PBXProject;
			attributes = {
				LastUpgradeCheck = 1210;
				TargetAttributes = {
					00E356ED1AD99517003FC87E = {
						CreatedOnToolsVersion = 6.2;
						TestTargetID = 13B07F861A680F5B00A75B9A;
					};
					13B07F861A680F5B00A75B9A = {
						LastSwiftMigration = 1120;
					};
				};
			};
			buildConfigurationList = 83CBB9FA1A601CBA00E9B192 /* Build configuration list for PBXProject "coffeeShop" */;
			compatibilityVersion = "Xcode 12.0";
			developmentRegion = en;
			hasScannedForEncodings = 0;
			knownRegions = (
				en,
				Base,
			);
			mainGroup = 83CBB9F61A601CBA00E9B192;
			productRefGroup = 83CBBA001A601CBA00E9B192 /* Products */;
			projectDirPath = "";
			projectRoot = "";
			targets = (
				13B07F861A680F5B00A75B9A /* coffeeShop */,
				00E356ED1AD99517003FC87E /* coffeeShopTests */,
			);
		};
/* End PBXProject section */

/* Begin PBXResourcesBuildPhase section */
		00E356EC1AD99517003FC87E /* Resources */ = {
			isa = PBXResourcesBuildPhase;
			buildActionMask = 2147483647;
			files = (
			);
			runOnlyForDeploymentPostprocessing = 0;
		};
		13B07F8E1A680F5B00A75B9A /* Resources */ = {
			isa = PBXResourcesBuildPhase;
			buildActionMask = 2147483647;
			files = (
				81AB9BB82411601600AC10FF /* LaunchScreen.storyboard in Resources */,
				13B07FBF1A68108700A75B9A /* Images.xcassets in Resources */,
				FAD2269638E44D1086A5E67E /* Poppins-Black.ttf in Resources */,
				D5BA175F00904F55AB43B297 /* Poppins-Bold.ttf in Resources */,
				3E70B2C32C2B4C2983AEAADF /* Poppins-ExtraBold.ttf in Resources */,
				23ED3358163944AFA73E687B /* Poppins-ExtraLight.ttf in Resources */,
				19335ED417504727B46B216F /* Poppins-Light.ttf in Resources */,
				DFC897F12C1C4A389ECE5BC1 /* Poppins-Medium.ttf in Resources */,
				3EFDEB9BA8DB46009DCB1776 /* Poppins-Regular.ttf in Resources */,
				71098F00124C4F0FBE51ED43 /* Poppins-SemiBold.ttf in Resources */,
				211E4E7536C14C78833D1562 /* Poppins-Thin.ttf in Resources */,
				A597423A020C4650B5C27040 /* app_icons.ttf in Resources */,
				5DB052E0A1D74C60BE83DEAF /* amazonpay.png in Resources */,
				037C9B7B76FB442DB8D44402 /* applepay.png in Resources */,
				82B23009706A4B33A813ADEE /* avatar.png in Resources */,
				7DBCE473740F4DFC94577928 /* gpay.png in Resources */,
				324D21978E55413B9DACF7A6 /* americano_pic_1_portrait.png in Resources */,
				B71685511E8347AF9FFDE706 /* americano_pic_2_portrait.png in Resources */,
				36E6A33A53D745AABC070274 /* americano_pic_3_portrait.png in Resources */,
				EC079B14A0734F7CBD550042 /* americano_pic_1_square.png in Resources */,
				8B42C60FF9E04A43BECD8352 /* americano_pic_2_square.png in Resources */,
				B497CDF556394CD589DF5372 /* americano_pic_3_square.png in Resources */,
				6A65C840AA184596875176D1 /* arabica_coffee_beans_portrait.png in Resources */,
				3408BB9F4D3E45F4BF308744 /* arabica_coffee_beans_square.png in Resources */,
				2EA04494562D4E28AB52555F /* black_coffee_pic_1_portrait.png in Resources */,
				C12A6A9041874123924F2893 /* black_coffee_pic_2_portrait.png in Resources */,
				BB2B1A09110548E78C1CB290 /* black_coffee_pic_3_portrait.png in Resources */,
				FBF5D5F3FA9D4D979FADD917 /* black_coffee_pic_1_square.png in Resources */,
				9A36949819404615963D48F5 /* black_coffee_pic_2_square.png in Resources */,
				CAC397A25A5E4387B0B462C9 /* black_coffee_pic_3_square.png in Resources */,
				A007509AE2744256A62D0CB8 /* cappuccino_pic_1_portrait.png in Resources */,
				A51552E78FCD474EA2581FB9 /* cappuccino_pic_2_portrait.png in Resources */,
				76816EDF33FF4CD1A0A7E39A /* cappuccino_pic_3_portrait.png in Resources */,
				5D94C0E69EE84AC5AEAD1120 /* cappuccino_pic_1_square.png in Resources */,
				44254418B69947EC99DF5544 /* cappuccino_pic_2_square.png in Resources */,
				36783487BC514650AC7C0B3A /* cappuccino_pic_3_square.png in Resources */,
				6EF9CE3BACA241C489F0F231 /* espresso_pic_1_portrait.png in Resources */,
				C7879942E6C34579BA16B1AB /* espresso_pic_2_portrait.png in Resources */,
				153DB6914EEF4354A41A0935 /* espresso_pic_3_portrait.png in Resources */,
				22BE7452B0FC41BB9842D540 /* espresso_pic_1_square.png in Resources */,
				ED985BA9FE21434090042572 /* espresso_pic_2_square.png in Resources */,
				4B7B2E5C3D4F4687B435AC22 /* espresso_pic_3_square.png in Resources */,
				BA60BE8A1FDC4EC8B2BD018C /* excelsa_coffee_beans_portrait.png in Resources */,
				FDECAD375AC145EAA907D213 /* excelsa_coffee_beans_square.png in Resources */,
				24BD52A027864DEC90CB2413 /* latte_pic_1_portrait.png in Resources */,
				FE368266AA1B40638F03450B /* latte_pic_2_portrait.png in Resources */,
				18E86B947B6A4294BBFAC65B /* latte_pic_3_portrait.png in Resources */,
				18C240BDFA284B97A3383059 /* latte_pic_1_square.png in Resources */,
				2C64EA887E2D42E0AA7508D6 /* latte_pic_2_square.png in Resources */,
				68E6926D1B7045979F6951F0 /* latte_pic_3_square.png in Resources */,
				AC0D2E11E87F48A5A29892AE /* liberica_coffee_beans_portrait.png in Resources */,
				2FEA5D3AE9084B94A3628A23 /* liberica_coffee_beans_square.png in Resources */,
				B8666AD657384B28AB6AD06F /* macchiato_pic_1_portrait.png in Resources */,
				266B2573E00046308596987D /* macchiato_pic_2_portrait.png in Resources */,
				DE8D7614A72D4CC5832935C2 /* macchiato_pic_3_portrait.png in Resources */,
				D79CFEA38EA746059221C1A9 /* macchiato_pic_1_square.png in Resources */,
				83F3E7AEB9F14042A33E388B /* macchiato_pic_2_square.png in Resources */,
				179B5000246F45398F164AC5 /* macchiato_pic_3_square.png in Resources */,
				8D2A51DD2FE04A00AF0AB75A /* robusta_coffee_beans_portrait.png in Resources */,
				00D8D882652E44AD9FA9D85A /* robusta_coffee_beans_square.png in Resources */,
			);
			runOnlyForDeploymentPostprocessing = 0;
		};
/* End PBXResourcesBuildPhase section */

/* Begin PBXShellScriptBuildPhase section */
		00DD1BFF1BD5951E006B06BC /* Bundle React Native code and images */ = {
			isa = PBXShellScriptBuildPhase;
			buildActionMask = 2147483647;
			files = (
			);
			inputPaths = (
				"$(SRCROOT)/.xcode.env.local",
				"$(SRCROOT)/.xcode.env",
			);
			name = "Bundle React Native code and images";
			outputPaths = (
			);
			runOnlyForDeploymentPostprocessing = 0;
			shellPath = /bin/sh;
			shellScript = "set -e\n\nWITH_ENVIRONMENT=\"../node_modules/react-native/scripts/xcode/with-environment.sh\"\nREACT_NATIVE_XCODE=\"../node_modules/react-native/scripts/react-native-xcode.sh\"\n\n/bin/sh -c \"$WITH_ENVIRONMENT $REACT_NATIVE_XCODE\"\n";
		};
		00EEFC60759A1932668264C0 /* [CP] Embed Pods Frameworks */ = {
			isa = PBXShellScriptBuildPhase;
			buildActionMask = 2147483647;
			files = (
			);
			inputFileListPaths = (
				"${PODS_ROOT}/Target Support Files/Pods-coffeeShop/Pods-coffeeShop-frameworks-${CONFIGURATION}-input-files.xcfilelist",
			);
			name = "[CP] Embed Pods Frameworks";
			outputFileListPaths = (
				"${PODS_ROOT}/Target Support Files/Pods-coffeeShop/Pods-coffeeShop-frameworks-${CONFIGURATION}-output-files.xcfilelist",
			);
			runOnlyForDeploymentPostprocessing = 0;
			shellPath = /bin/sh;
			shellScript = "\"${PODS_ROOT}/Target Support Files/Pods-coffeeShop/Pods-coffeeShop-frameworks.sh\"\n";
			showEnvVarsInLog = 0;
		};
		A55EABD7B0C7F3A422A6CC61 /* [CP] Check Pods Manifest.lock */ = {
			isa = PBXShellScriptBuildPhase;
			buildActionMask = 2147483647;
			files = (
			);
			inputFileListPaths = (
			);
			inputPaths = (
				"${PODS_PODFILE_DIR_PATH}/Podfile.lock",
				"${PODS_ROOT}/Manifest.lock",
			);
			name = "[CP] Check Pods Manifest.lock";
			outputFileListPaths = (
			);
			outputPaths = (
				"$(DERIVED_FILE_DIR)/Pods-coffeeShop-coffeeShopTests-checkManifestLockResult.txt",
			);
			runOnlyForDeploymentPostprocessing = 0;
			shellPath = /bin/sh;
			shellScript = "diff \"${PODS_PODFILE_DIR_PATH}/Podfile.lock\" \"${PODS_ROOT}/Manifest.lock\" > /dev/null\nif [ $? != 0 ] ; then\n    # print error to STDERR\n    echo \"error: The sandbox is not in sync with the Podfile.lock. Run 'pod install' or update your CocoaPods installation.\" >&2\n    exit 1\nfi\n# This output is used by Xcode 'outputs' to avoid re-running this script phase.\necho \"SUCCESS\" > \"${SCRIPT_OUTPUT_FILE_0}\"\n";
			showEnvVarsInLog = 0;
		};
		C38B50BA6285516D6DCD4F65 /* [CP] Check Pods Manifest.lock */ = {
			isa = PBXShellScriptBuildPhase;
			buildActionMask = 2147483647;
			files = (
			);
			inputFileListPaths = (
			);
			inputPaths = (
				"${PODS_PODFILE_DIR_PATH}/Podfile.lock",
				"${PODS_ROOT}/Manifest.lock",
			);
			name = "[CP] Check Pods Manifest.lock";
			outputFileListPaths = (
			);
			outputPaths = (
				"$(DERIVED_FILE_DIR)/Pods-coffeeShop-checkManifestLockResult.txt",
			);
			runOnlyForDeploymentPostprocessing = 0;
			shellPath = /bin/sh;
			shellScript = "diff \"${PODS_PODFILE_DIR_PATH}/Podfile.lock\" \"${PODS_ROOT}/Manifest.lock\" > /dev/null\nif [ $? != 0 ] ; then\n    # print error to STDERR\n    echo \"error: The sandbox is not in sync with the Podfile.lock. Run 'pod install' or update your CocoaPods installation.\" >&2\n    exit 1\nfi\n# This output is used by Xcode 'outputs' to avoid re-running this script phase.\necho \"SUCCESS\" > \"${SCRIPT_OUTPUT_FILE_0}\"\n";
			showEnvVarsInLog = 0;
		};
		C59DA0FBD6956966B86A3779 /* [CP] Embed Pods Frameworks */ = {
			isa = PBXShellScriptBuildPhase;
			buildActionMask = 2147483647;
			files = (
			);
			inputFileListPaths = (
				"${PODS_ROOT}/Target Support Files/Pods-coffeeShop-coffeeShopTests/Pods-coffeeShop-coffeeShopTests-frameworks-${CONFIGURATION}-input-files.xcfilelist",
			);
			name = "[CP] Embed Pods Frameworks";
			outputFileListPaths = (
				"${PODS_ROOT}/Target Support Files/Pods-coffeeShop-coffeeShopTests/Pods-coffeeShop-coffeeShopTests-frameworks-${CONFIGURATION}-output-files.xcfilelist",
			);
			runOnlyForDeploymentPostprocessing = 0;
			shellPath = /bin/sh;
			shellScript = "\"${PODS_ROOT}/Target Support Files/Pods-coffeeShop-coffeeShopTests/Pods-coffeeShop-coffeeShopTests-frameworks.sh\"\n";
			showEnvVarsInLog = 0;
		};
		E235C05ADACE081382539298 /* [CP] Copy Pods Resources */ = {
			isa = PBXShellScriptBuildPhase;
			buildActionMask = 2147483647;
			files = (
			);
			inputFileListPaths = (
				"${PODS_ROOT}/Target Support Files/Pods-coffeeShop/Pods-coffeeShop-resources-${CONFIGURATION}-input-files.xcfilelist",
			);
			name = "[CP] Copy Pods Resources";
			outputFileListPaths = (
				"${PODS_ROOT}/Target Support Files/Pods-coffeeShop/Pods-coffeeShop-resources-${CONFIGURATION}-output-files.xcfilelist",
			);
			runOnlyForDeploymentPostprocessing = 0;
			shellPath = /bin/sh;
			shellScript = "\"${PODS_ROOT}/Target Support Files/Pods-coffeeShop/Pods-coffeeShop-resources.sh\"\n";
			showEnvVarsInLog = 0;
		};
		F6A41C54EA430FDDC6A6ED99 /* [CP] Copy Pods Resources */ = {
			isa = PBXShellScriptBuildPhase;
			buildActionMask = 2147483647;
			files = (
			);
			inputFileListPaths = (
				"${PODS_ROOT}/Target Support Files/Pods-coffeeShop-coffeeShopTests/Pods-coffeeShop-coffeeShopTests-resources-${CONFIGURATION}-input-files.xcfilelist",
			);
			name = "[CP] Copy Pods Resources";
			outputFileListPaths = (
				"${PODS_ROOT}/Target Support Files/Pods-coffeeShop-coffeeShopTests/Pods-coffeeShop-coffeeShopTests-resources-${CONFIGURATION}-output-files.xcfilelist",
			);
			runOnlyForDeploymentPostprocessing = 0;
			shellPath = /bin/sh;
			shellScript = "\"${PODS_ROOT}/Target Support Files/Pods-coffeeShop-coffeeShopTests/Pods-coffeeShop-coffeeShopTests-resources.sh\"\n";
			showEnvVarsInLog = 0;
		};
/* End PBXShellScriptBuildPhase section */

/* Begin PBXSourcesBuildPhase section */
		00E356EA1AD99517003FC87E /* Sources */ = {
			isa = PBXSourcesBuildPhase;
			buildActionMask = 2147483647;
			files = (
				00E356F31AD99517003FC87E /* coffeeShopTests.m in Sources */,
			);
			runOnlyForDeploymentPostprocessing = 0;
		};
		13B07F871A680F5B00A75B9A /* Sources */ = {
			isa = PBXSourcesBuildPhase;
			buildActionMask = 2147483647;
			files = (
				13B07FBC1A68108700A75B9A /* AppDelegate.mm in Sources */,
				13B07FC11A68108700A75B9A /* main.m in Sources */,
			);
			runOnlyForDeploymentPostprocessing = 0;
		};
/* End PBXSourcesBuildPhase section */

/* Begin PBXTargetDependency section */
		00E356F51AD99517003FC87E /* PBXTargetDependency */ = {
			isa = PBXTargetDependency;
			target = 13B07F861A680F5B00A75B9A /* coffeeShop */;
			targetProxy = 00E356F41AD99517003FC87E /* PBXContainerItemProxy */;
		};
/* End PBXTargetDependency section */

/* Begin XCBuildConfiguration section */
		00E356F61AD99517003FC87E /* Debug */ = {
			isa = XCBuildConfiguration;
			baseConfigurationReference = 5B7EB9410499542E8C5724F5 /* Pods-coffeeShop-coffeeShopTests.debug.xcconfig */;
			buildSettings = {
				BUNDLE_LOADER = "$(TEST_HOST)";
				GCC_PREPROCESSOR_DEFINITIONS = (
					"DEBUG=1",
					"$(inherited)",
				);
				INFOPLIST_FILE = coffeeShopTests/Info.plist;
				IPHONEOS_DEPLOYMENT_TARGET = 13.4;
				LD_RUNPATH_SEARCH_PATHS = (
					"$(inherited)",
					"@executable_path/Frameworks",
					"@loader_path/Frameworks",
				);
				OTHER_LDFLAGS = (
					"-ObjC",
					"-lc++",
					"$(inherited)",
				);
				PRODUCT_BUNDLE_IDENTIFIER = "org.reactjs.native.example.$(PRODUCT_NAME:rfc1034identifier)";
				PRODUCT_NAME = "$(TARGET_NAME)";
				TEST_HOST = "$(BUILT_PRODUCTS_DIR)/coffeeShop.app/coffeeShop";
			};
			name = Debug;
		};
		00E356F71AD99517003FC87E /* Release */ = {
			isa = XCBuildConfiguration;
			baseConfigurationReference = 89C6BE57DB24E9ADA2F236DE /* Pods-coffeeShop-coffeeShopTests.release.xcconfig */;
			buildSettings = {
				BUNDLE_LOADER = "$(TEST_HOST)";
				COPY_PHASE_STRIP = NO;
				INFOPLIST_FILE = coffeeShopTests/Info.plist;
				IPHONEOS_DEPLOYMENT_TARGET = 13.4;
				LD_RUNPATH_SEARCH_PATHS = (
					"$(inherited)",
					"@executable_path/Frameworks",
					"@loader_path/Frameworks",
				);
				OTHER_LDFLAGS = (
					"-ObjC",
					"-lc++",
					"$(inherited)",
				);
				PRODUCT_BUNDLE_IDENTIFIER = "org.reactjs.native.example.$(PRODUCT_NAME:rfc1034identifier)";
				PRODUCT_NAME = "$(TARGET_NAME)";
				TEST_HOST = "$(BUILT_PRODUCTS_DIR)/coffeeShop.app/coffeeShop";
			};
			name = Release;
		};
		13B07F941A680F5B00A75B9A /* Debug */ = {
			isa = XCBuildConfiguration;
			baseConfigurationReference = 3B4392A12AC88292D35C810B /* Pods-coffeeShop.debug.xcconfig */;
			buildSettings = {
				ASSETCATALOG_COMPILER_APPICON_NAME = AppIcon;
				CLANG_ENABLE_MODULES = YES;
				CURRENT_PROJECT_VERSION = 1;
				ENABLE_BITCODE = NO;
				INFOPLIST_FILE = coffeeShop/Info.plist;
				LD_RUNPATH_SEARCH_PATHS = (
					"$(inherited)",
					"@executable_path/Frameworks",
				);
				MARKETING_VERSION = 1.0;
				OTHER_LDFLAGS = (
					"$(inherited)",
					"-ObjC",
					"-lc++",
				);
				PRODUCT_BUNDLE_IDENTIFIER = "org.reactjs.native.example.$(PRODUCT_NAME:rfc1034identifier)";
				PRODUCT_NAME = coffeeShop;
				SWIFT_OPTIMIZATION_LEVEL = "-Onone";
				SWIFT_VERSION = 5.0;
				VERSIONING_SYSTEM = "apple-generic";
			};
			name = Debug;
		};
		13B07F951A680F5B00A75B9A /* Release */ = {
			isa = XCBuildConfiguration;
			baseConfigurationReference = 5709B34CF0A7D63546082F79 /* Pods-coffeeShop.release.xcconfig */;
			buildSettings = {
				ASSETCATALOG_COMPILER_APPICON_NAME = AppIcon;
				CLANG_ENABLE_MODULES = YES;
				CURRENT_PROJECT_VERSION = 1;
				INFOPLIST_FILE = coffeeShop/Info.plist;
				LD_RUNPATH_SEARCH_PATHS = (
					"$(inherited)",
					"@executable_path/Frameworks",
				);
				MARKETING_VERSION = 1.0;
				OTHER_LDFLAGS = (
					"$(inherited)",
					"-ObjC",
					"-lc++",
				);
				PRODUCT_BUNDLE_IDENTIFIER = "org.reactjs.native.example.$(PRODUCT_NAME:rfc1034identifier)";
				PRODUCT_NAME = coffeeShop;
				SWIFT_VERSION = 5.0;
				VERSIONING_SYSTEM = "apple-generic";
			};
			name = Release;
		};
		83CBBA201A601CBA00E9B192 /* Debug */ = {
			isa = XCBuildConfiguration;
			buildSettings = {
				ALWAYS_SEARCH_USER_PATHS = NO;
				CLANG_ANALYZER_LOCALIZABILITY_NONLOCALIZED = YES;
				CLANG_CXX_LANGUAGE_STANDARD = "c++20";
				CLANG_CXX_LIBRARY = "libc++";
				CLANG_ENABLE_MODULES = YES;
				CLANG_ENABLE_OBJC_ARC = YES;
				CLANG_WARN_BLOCK_CAPTURE_AUTORELEASING = YES;
				CLANG_WARN_BOOL_CONVERSION = YES;
				CLANG_WARN_COMMA = YES;
				CLANG_WARN_CONSTANT_CONVERSION = YES;
				CLANG_WARN_DEPRECATED_OBJC_IMPLEMENTATIONS = YES;
				CLANG_WARN_DIRECT_OBJC_ISA_USAGE = YES_ERROR;
				CLANG_WARN_EMPTY_BODY = YES;
				CLANG_WARN_ENUM_CONVERSION = YES;
				CLANG_WARN_INFINITE_RECURSION = YES;
				CLANG_WARN_INT_CONVERSION = YES;
				CLANG_WARN_NON_LITERAL_NULL_CONVERSION = YES;
				CLANG_WARN_OBJC_IMPLICIT_RETAIN_SELF = YES;
				CLANG_WARN_OBJC_LITERAL_CONVERSION = YES;
				CLANG_WARN_OBJC_ROOT_CLASS = YES_ERROR;
				CLANG_WARN_QUOTED_INCLUDE_IN_FRAMEWORK_HEADER = YES;
				CLANG_WARN_RANGE_LOOP_ANALYSIS = YES;
				CLANG_WARN_STRICT_PROTOTYPES = YES;
				CLANG_WARN_SUSPICIOUS_MOVE = YES;
				CLANG_WARN_UNREACHABLE_CODE = YES;
				CLANG_WARN__DUPLICATE_METHOD_MATCH = YES;
				"CODE_SIGN_IDENTITY[sdk=iphoneos*]" = "iPhone Developer";
				COPY_PHASE_STRIP = NO;
				ENABLE_STRICT_OBJC_MSGSEND = YES;
				ENABLE_TESTABILITY = YES;
				"EXCLUDED_ARCHS[sdk=iphonesimulator*]" = "";
				GCC_C_LANGUAGE_STANDARD = gnu99;
				GCC_DYNAMIC_NO_PIC = NO;
				GCC_NO_COMMON_BLOCKS = YES;
				GCC_OPTIMIZATION_LEVEL = 0;
				GCC_PREPROCESSOR_DEFINITIONS = (
					"DEBUG=1",
					"$(inherited)",
				);
				GCC_SYMBOLS_PRIVATE_EXTERN = NO;
				GCC_WARN_64_TO_32_BIT_CONVERSION = YES;
				GCC_WARN_ABOUT_RETURN_TYPE = YES_ERROR;
				GCC_WARN_UNDECLARED_SELECTOR = YES;
				GCC_WARN_UNINITIALIZED_AUTOS = YES_AGGRESSIVE;
				GCC_WARN_UNUSED_FUNCTION = YES;
				GCC_WARN_UNUSED_VARIABLE = YES;
				IPHONEOS_DEPLOYMENT_TARGET = 13.4;
				LD_RUNPATH_SEARCH_PATHS = (
					/usr/lib/swift,
					"$(inherited)",
				);
				LIBRARY_SEARCH_PATHS = (
					"\"$(SDKROOT)/usr/lib/swift\"",
					"\"$(TOOLCHAIN_DIR)/usr/lib/swift/$(PLATFORM_NAME)\"",
					"\"$(inherited)\"",
				);
				MTL_ENABLE_DEBUG_INFO = YES;
				ONLY_ACTIVE_ARCH = YES;
				OTHER_CPLUSPLUSFLAGS = (
					"$(OTHER_CFLAGS)",
					"-DFOLLY_NO_CONFIG",
					"-DFOLLY_MOBILE=1",
					"-DFOLLY_USE_LIBCPP=1",
					"-DFOLLY_CFG_NO_COROUTINES=1",
				);
				SDKROOT = iphoneos;
			};
			name = Debug;
		};
		83CBBA211A601CBA00E9B192 /* Release */ = {
			isa = XCBuildConfiguration;
			buildSettings = {
				ALWAYS_SEARCH_USER_PATHS = NO;
				CLANG_ANALYZER_LOCALIZABILITY_NONLOCALIZED = YES;
				CLANG_CXX_LANGUAGE_STANDARD = "c++20";
				CLANG_CXX_LIBRARY = "libc++";
				CLANG_ENABLE_MODULES = YES;
				CLANG_ENABLE_OBJC_ARC = YES;
				CLANG_WARN_BLOCK_CAPTURE_AUTORELEASING = YES;
				CLANG_WARN_BOOL_CONVERSION = YES;
				CLANG_WARN_COMMA = YES;
				CLANG_WARN_CONSTANT_CONVERSION = YES;
				CLANG_WARN_DEPRECATED_OBJC_IMPLEMENTATIONS = YES;
				CLANG_WARN_DIRECT_OBJC_ISA_USAGE = YES_ERROR;
				CLANG_WARN_EMPTY_BODY = YES;
				CLANG_WARN_ENUM_CONVERSION = YES;
				CLANG_WARN_INFINITE_RECURSION = YES;
				CLANG_WARN_INT_CONVERSION = YES;
				CLANG_WARN_NON_LITERAL_NULL_CONVERSION = YES;
				CLANG_WARN_OBJC_IMPLICIT_RETAIN_SELF = YES;
				CLANG_WARN_OBJC_LITERAL_CONVERSION = YES;
				CLANG_WARN_OBJC_ROOT_CLASS = YES_ERROR;
				CLANG_WARN_QUOTED_INCLUDE_IN_FRAMEWORK_HEADER = YES;
				CLANG_WARN_RANGE_LOOP_ANALYSIS = YES;
				CLANG_WARN_STRICT_PROTOTYPES = YES;
				CLANG_WARN_SUSPICIOUS_MOVE = YES;
				CLANG_WARN_UNREACHABLE_CODE = YES;
				CLANG_WARN__DUPLICATE_METHOD_MATCH = YES;
				"CODE_SIGN_IDENTITY[sdk=iphoneos*]" = "iPhone Developer";
				COPY_PHASE_STRIP = YES;
				ENABLE_NS_ASSERTIONS = NO;
				ENABLE_STRICT_OBJC_MSGSEND = YES;
				"EXCLUDED_ARCHS[sdk=iphonesimulator*]" = "";
				GCC_C_LANGUAGE_STANDARD = gnu99;
				GCC_NO_COMMON_BLOCKS = YES;
				GCC_WARN_64_TO_32_BIT_CONVERSION = YES;
				GCC_WARN_ABOUT_RETURN_TYPE = YES_ERROR;
				GCC_WARN_UNDECLARED_SELECTOR = YES;
				GCC_WARN_UNINITIALIZED_AUTOS = YES_AGGRESSIVE;
				GCC_WARN_UNUSED_FUNCTION = YES;
				GCC_WARN_UNUSED_VARIABLE = YES;
				IPHONEOS_DEPLOYMENT_TARGET = 13.4;
				LD_RUNPATH_SEARCH_PATHS = (
					/usr/lib/swift,
					"$(inherited)",
				);
				LIBRARY_SEARCH_PATHS = (
					"\"$(SDKROOT)/usr/lib/swift\"",
					"\"$(TOOLCHAIN_DIR)/usr/lib/swift/$(PLATFORM_NAME)\"",
					"\"$(inherited)\"",
				);
				MTL_ENABLE_DEBUG_INFO = NO;
				OTHER_CPLUSPLUSFLAGS = (
					"$(OTHER_CFLAGS)",
					"-DFOLLY_NO_CONFIG",
					"-DFOLLY_MOBILE=1",
					"-DFOLLY_USE_LIBCPP=1",
					"-DFOLLY_CFG_NO_COROUTINES=1",
				);
				SDKROOT = iphoneos;
				VALIDATE_PRODUCT = YES;
			};
			name = Release;
		};
/* End XCBuildConfiguration section */

/* Begin XCConfigurationList section */
		00E357021AD99517003FC87E /* Build configuration list for PBXNativeTarget "coffeeShopTests" */ = {
			isa = XCConfigurationList;
			buildConfigurations = (
				00E356F61AD99517003FC87E /* Debug */,
				00E356F71AD99517003FC87E /* Release */,
			);
			defaultConfigurationIsVisible = 0;
			defaultConfigurationName = Release;
		};
		13B07F931A680F5B00A75B9A /* Build configuration list for PBXNativeTarget "coffeeShop" */ = {
			isa = XCConfigurationList;
			buildConfigurations = (
				13B07F941A680F5B00A75B9A /* Debug */,
				13B07F951A680F5B00A75B9A /* Release */,
			);
			defaultConfigurationIsVisible = 0;
			defaultConfigurationName = Release;
		};
		83CBB9FA1A601CBA00E9B192 /* Build configuration list for PBXProject "coffeeShop" */ = {
			isa = XCConfigurationList;
			buildConfigurations = (
				83CBBA201A601CBA00E9B192 /* Debug */,
				83CBBA211A601CBA00E9B192 /* Release */,
			);
			defaultConfigurationIsVisible = 0;
			defaultConfigurationName = Release;
		};
/* End XCConfigurationList section */
	};
	rootObject = 83CBB9F71A601CBA00E9B192 /* Project object */;
}
